{
    "hash": "4098d67c6bbda0a0a7d6dd83b794e3eb",
    "packages": [
        {
            "package": "doctrine/common",
            "version": "2.1.x-dev",
            "source-reference": "41794945e795e108060eddb3342c9e13524b9b3e"
        },
        {
            "package": "doctrine/dbal",
            "version": "2.1.x-dev",
            "source-reference": "9d3625eeb1f7c840d3897d8961e977b554276a1d"
        },
        {
            "package": "doctrine/orm",
            "version": "2.1.x-dev",
            "source-reference": "07ee8c524984c425dade9baf39911a68c3a9b22a"
        },
        {
            "package": "ezyang/htmlpurifier",
            "version": "dev-master",
            "source-reference": "7291f19347b05f5833421eaf5152558bfbd2b454"
        },
        {
            "package": "grom/silex-service-provider",
            "version": "dev-master",
            "source-reference": "5942bed9f40e01d0a7159b00ccd7284eca4d3bbb"
        },
        {
            "package": "imagine/Imagine",
            "version": "dev-master",
            "source-reference": "v0.2.8"
        },
        {
            "package": "knplabs/knp-snappy",
            "version": "dev-master",
            "source-reference": "4f62cf5512e231a0e6f925598a3bc428c8343702"
        },
        {
            "package": "monolog/monolog",
            "version": "dev-master",
            "source-reference": "2eb0c0978d290a1c45346a1955188929cb4e5db7"
        },
        {
            "package": "nutwerk/doctrine-orm-provider",
            "version": "dev-master",
            "source-reference": "d5b6328ac39fb4d133f0838a30dc30624015969d"
        },
        {
            "package": "nutwerk/doctrine-orm-provider",
            "version": "dev-master",
            "source-reference": "d5b6328ac39fb4d133f0838a30dc30624015969d",
            "alias-pretty-version": "1.0.x-dev",
            "alias-version": "1.0.9999999.9999999-dev"
        },
        {
            "package": "pimple/pimple",
            "version": "dev-master",
            "source-reference": "v1.0.0"
        },
        {
            "package": "pimple/pimple",
            "version": "dev-master",
            "source-reference": "v1.0.0",
            "alias-pretty-version": "1.0.x-dev",
            "alias-version": "1.0.9999999.9999999-dev"
        },
        {
            "package": "silex/silex",
            "version": "dev-master",
            "source-reference": "24244da60407eff5d08dd5c460a7d23285be6995",
            "alias-pretty-version": "1.0.x-dev",
            "alias-version": "1.0.9999999.9999999-dev"
        },
        {
            "package": "silex/silex",
            "version": "dev-master",
            "source-reference": "24244da60407eff5d08dd5c460a7d23285be6995"
        },
        {
            "package": "swiftmailer/swiftmailer",
            "version": "dev-master",
            "source-reference": "57789082d1d53529dcf8cd3ca132d9787a59afee"
        },
        {
            "package": "swiftmailer/swiftmailer",
            "version": "dev-master",
            "source-reference": "57789082d1d53529dcf8cd3ca132d9787a59afee",
            "alias-pretty-version": "4.1.x-dev",
            "alias-version": "4.1.9999999.9999999-dev"
        },
        {
            "package": "symfony/browser-kit",
            "version": "dev-master",
            "source-reference": "6ab1b5f07dd972d2c5e3b5d48c9776d0823149c7"
        },
        {
            "package": "symfony/browser-kit",
            "version": "dev-master",
            "source-reference": "6ab1b5f07dd972d2c5e3b5d48c9776d0823149c7",
            "alias-pretty-version": "2.1.x-dev",
            "alias-version": "2.1.9999999.9999999-dev"
        },
        {
            "package": "symfony/class-loader",
            "version": "dev-master",
            "source-reference": "c57e62c886899f8d88264efad23c857eb198dc09"
        },
        {
            "package": "symfony/class-loader",
            "version": "dev-master",
            "source-reference": "c57e62c886899f8d88264efad23c857eb198dc09",
            "alias-pretty-version": "2.1.x-dev",
            "alias-version": "2.1.9999999.9999999-dev"
        },
        {
            "package": "symfony/console",
            "version": "dev-master",
            "source-reference": "0e67dc701ff55d2a1899a1e638a13a4be96d19b9"
        },
        {
            "package": "symfony/console",
            "version": "dev-master",
            "source-reference": "0e67dc701ff55d2a1899a1e638a13a4be96d19b9",
            "alias-pretty-version": "2.1.x-dev",
            "alias-version": "2.1.9999999.9999999-dev"
        },
        {
            "package": "symfony/css-selector",
            "version": "dev-master",
            "source-reference": "282a6ed63e542463240fc21db96babdbdc889271",
            "alias-pretty-version": "2.1.x-dev",
            "alias-version": "2.1.9999999.9999999-dev"
        },
        {
            "package": "symfony/css-selector",
            "version": "dev-master",
            "source-reference": "282a6ed63e542463240fc21db96babdbdc889271"
        },
        {
            "package": "symfony/dom-crawler",
            "version": "dev-master",
            "source-reference": "49d80fac919321c1e255757fe47b97910f667271",
            "alias-pretty-version": "2.1.x-dev",
            "alias-version": "2.1.9999999.9999999-dev"
        },
        {
            "package": "symfony/dom-crawler",
            "version": "dev-master",
            "source-reference": "49d80fac919321c1e255757fe47b97910f667271"
        },
        {
            "package": "symfony/event-dispatcher",
            "version": "dev-master",
            "source-reference": "eb82542e8ec9506096caf7c528564c740a214f56",
            "alias-pretty-version": "2.1.x-dev",
            "alias-version": "2.1.9999999.9999999-dev"
        },
        {
            "package": "symfony/event-dispatcher",
            "version": "dev-master",
            "source-reference": "eb82542e8ec9506096caf7c528564c740a214f56"
        },
        {
            "package": "symfony/finder",
            "version": "dev-master",
            "source-reference": "360dc8c000efe2cf003deecd6777ea5d364fe23d"
        },
        {
            "package": "symfony/finder",
            "version": "dev-master",
            "source-reference": "360dc8c000efe2cf003deecd6777ea5d364fe23d",
            "alias-pretty-version": "2.1.x-dev",
            "alias-version": "2.1.9999999.9999999-dev"
        },
        {
            "package": "symfony/http-foundation",
            "version": "dev-master",
            "source-reference": "3d9f4ce435f6322b9720c209ad610202526373c0",
            "alias-pretty-version": "2.1.x-dev",
            "alias-version": "2.1.9999999.9999999-dev"
        },
        {
            "package": "symfony/http-foundation",
            "version": "dev-master",
            "source-reference": "3d9f4ce435f6322b9720c209ad610202526373c0"
        },
        {
            "package": "symfony/http-kernel",
            "version": "dev-master",
            "source-reference": "e2e0789f90d1078839bb9448d2ac831e944fc2aa"
        },
        {
            "package": "symfony/http-kernel",
            "version": "dev-master",
            "source-reference": "e2e0789f90d1078839bb9448d2ac831e944fc2aa",
            "alias-pretty-version": "2.1.x-dev",
            "alias-version": "2.1.9999999.9999999-dev"
        },
        {
            "package": "symfony/process",
            "version": "dev-master",
            "source-reference": "106f2db51cecf2fe5ee59e428b8f4a918c4034fa"
        },
        {
            "package": "symfony/process",
            "version": "dev-master",
            "source-reference": "106f2db51cecf2fe5ee59e428b8f4a918c4034fa",
            "alias-pretty-version": "2.1.x-dev",
            "alias-version": "2.1.9999999.9999999-dev"
        },
        {
            "package": "symfony/routing",
            "version": "dev-master",
            "source-reference": "836d9bb95861cbb58bbb37799e6be27427715eaa"
        },
        {
            "package": "symfony/routing",
            "version": "dev-master",
            "source-reference": "836d9bb95861cbb58bbb37799e6be27427715eaa",
            "alias-pretty-version": "2.1.x-dev",
            "alias-version": "2.1.9999999.9999999-dev"
        },
        {
            "package": "symfony/yaml",
            "version": "dev-master",
            "source-reference": "bb3d972da6a6dbbe919bceec1149a5c459c2e26b"
        },
        {
            "package": "symfony/yaml",
            "version": "dev-master",
            "source-reference": "bb3d972da6a6dbbe919bceec1149a5c459c2e26b",
            "alias-pretty-version": "2.1.x-dev",
            "alias-version": "2.1.9999999.9999999-dev"
        }
    ],
    "packages-dev": null,
    "aliases": [

    ],
    "minimum-stability": "dev",
    "stability-flags": {
        "grom/silex-service-provider": 20,
        "ezyang/htmlpurifier": 20
    }
}
